{
  "name": "lexicons",
  "version": "0.0.1",
  "lockfileVersion": 3,
  "requires": true,
  "packages": {
    "": {
      "name": "lexicons",
      "version": "0.0.1",
      "dependencies": {
        "@atcute/client": "^4.0.3",
        "@atcute/identity-resolver": "^1.1.3",
        "jsonpath-plus": "^10.3.0",
        "psl": "^1.15.0"
      }
    },
    "node_modules/@atcute/client": {
      "version": "4.0.3",
      "resolved": "https://registry.npmjs.org/@atcute/client/-/client-4.0.3.tgz",
      "integrity": "sha512-RIOZWFVLca/HiPAAUDqQPOdOreCxTbL5cb+WUf5yqQOKIu5yEAP3eksinmlLmgIrlr5qVOE7brazUUzaskFCfw==",
      "license": "MIT",
      "dependencies": {
        "@atcute/identity": "^1.0.2",
        "@atcute/lexicons": "^1.0.3"
      }
    },
    "node_modules/@atcute/identity": {
      "version": "1.0.3",
      "resolved": "https://registry.npmjs.org/@atcute/identity/-/identity-1.0.3.tgz",
      "integrity": "sha512-mNMxbKHFGys03A8JXKk0KfMBzdd0vrYMzZZWjpw1nYTs0+ea6bo5S1hwqVUZxHdo1gFHSe/t63jxQIF4yL9aKw==",
      "license": "0BSD",
      "dependencies": {
        "@atcute/lexicons": "^1.0.4",
        "@badrap/valita": "^0.4.5"
      }
    },
    "node_modules/@atcute/identity-resolver": {
      "version": "1.1.3",
      "resolved": "https://registry.npmjs.org/@atcute/identity-resolver/-/identity-resolver-1.1.3.tgz",
      "integrity": "sha512-KZgGgg99CWaV7Df3+h3X/WMrDzTPQVfsaoIVbTNLx2B56BvCL2EmaxPSVw/7BFUJMZHlVU4rtoEB4lyvNyMswA==",
      "license": "MIT",
      "dependencies": {
        "@atcute/lexicons": "^1.0.4",
        "@atcute/util-fetch": "^1.0.1",
        "@badrap/valita": "^0.4.4"
      },
      "peerDependencies": {
        "@atcute/identity": "^1.0.0"
      }
    },
    "node_modules/@atcute/lexicons": {
      "version": "1.1.0",
      "resolved": "https://registry.npmjs.org/@atcute/lexicons/-/lexicons-1.1.0.tgz",
      "integrity": "sha512-LFqwnria78xLYb62Ri/+WwQpUTgZp2DuyolNGIIOV1dpiKhFFFh//nscHMA6IExFLQRqWDs3tTjy7zv0h3sf1Q==",
      "license": "0BSD",
      "dependencies": {
        "esm-env": "^1.2.2"
      }
    },
    "node_modules/@atcute/util-fetch": {
      "version": "1.0.1",
      "resolved": "https://registry.npmjs.org/@atcute/util-fetch/-/util-fetch-1.0.1.tgz",
      "integrity": "sha512-Clc0E/5ufyGBVfYBUwWNlHONlZCoblSr4Ho50l1LhmRPGB1Wu/AQ9Sz+rsBg7fdaW/auve8ulmwhRhnX2cGRow==",
      "license": "MIT",
      "dependencies": {
        "@badrap/valita": "^0.4.2"
      }
    },
    "node_modules/@badrap/valita": {
      "version": "0.4.5",
      "resolved": "https://registry.npmjs.org/@badrap/valita/-/valita-0.4.5.tgz",
      "integrity": "sha512-4QwGbuhh/JesHRQj79mO/l37PvJj4l/tlAu7+S1n4h47qwaNpZ0WDvIwUGLYUsdi9uQ5UPpiG9wb1Wm3XUFBUQ==",
      "license": "MIT",
      "engines": {
        "node": ">= 18"
      }
    },
    "node_modules/@jsep-plugin/assignment": {
      "version": "1.3.0",
      "resolved": "https://registry.npmjs.org/@jsep-plugin/assignment/-/assignment-1.3.0.tgz",
      "integrity": "sha512-VVgV+CXrhbMI3aSusQyclHkenWSAm95WaiKrMxRFam3JSUiIaQjoMIw2sEs/OX4XifnqeQUN4DYbJjlA8EfktQ==",
      "license": "MIT",
      "engines": {
        "node": ">= 10.16.0"
      },
      "peerDependencies": {
        "jsep": "^0.4.0||^1.0.0"
      }
    },
    "node_modules/@jsep-plugin/regex": {
      "version": "1.0.4",
      "resolved": "https://registry.npmjs.org/@jsep-plugin/regex/-/regex-1.0.4.tgz",
      "integrity": "sha512-q7qL4Mgjs1vByCaTnDFcBnV9HS7GVPJX5vyVoCgZHNSC9rjwIlmbXG5sUuorR5ndfHAIlJ8pVStxvjXHbNvtUg==",
      "license": "MIT",
      "engines": {
        "node": ">= 10.16.0"
      },
      "peerDependencies": {
        "jsep": "^0.4.0||^1.0.0"
      }
    },
    "node_modules/esm-env": {
      "version": "1.2.2",
      "resolved": "https://registry.npmjs.org/esm-env/-/esm-env-1.2.2.tgz",
      "integrity": "sha512-Epxrv+Nr/CaL4ZcFGPJIYLWFom+YeV1DqMLHJoEd9SYRxNbaFruBwfEX/kkHUJf55j2+TUbmDcmuilbP1TmXHA==",
      "license": "MIT"
    },
    "node_modules/jsep": {
      "version": "1.4.0",
      "resolved": "https://registry.npmjs.org/jsep/-/jsep-1.4.0.tgz",
      "integrity": "sha512-B7qPcEVE3NVkmSJbaYxvv4cHkVW7DQsZz13pUMrfS8z8Q/BuShN+gcTXrUlPiGqM2/t/EEaI030bpxMqY8gMlw==",
      "license": "MIT",
      "engines": {
        "node": ">= 10.16.0"
      }
    },
    "node_modules/jsonpath-plus": {
      "version": "10.3.0",
      "resolved": "https://registry.npmjs.org/jsonpath-plus/-/jsonpath-plus-10.3.0.tgz",
      "integrity": "sha512-8TNmfeTCk2Le33A3vRRwtuworG/L5RrgMvdjhKZxvyShO+mBu2fP50OWUjRLNtvw344DdDarFh9buFAZs5ujeA==",
      "license": "MIT",
      "dependencies": {
        "@jsep-plugin/assignment": "^1.3.0",
        "@jsep-plugin/regex": "^1.0.4",
        "jsep": "^1.4.0"
      },
      "bin": {
        "jsonpath": "bin/jsonpath-cli.js",
        "jsonpath-plus": "bin/jsonpath-cli.js"
      },
      "engines": {
        "node": ">=18.0.0"
      }
    },
    "node_modules/psl": {
      "version": "1.15.0",
      "resolved": "https://registry.npmjs.org/psl/-/psl-1.15.0.tgz",
      "integrity": "sha512-JZd3gMVBAVQkSs6HdNZo9Sdo0LNcQeMNP3CozBJb3JYC/QUYZTnKxP+f8oWRX4rHP5EurWxqAHTSwUCjlNKa1w==",
      "license": "MIT",
      "dependencies": {
        "punycode": "^2.3.1"
      },
      "funding": {
        "url": "https://github.com/sponsors/lupomontero"
      }
    },
    "node_modules/punycode": {
      "version": "2.3.1",
      "resolved": "https://registry.npmjs.org/punycode/-/punycode-2.3.1.tgz",
      "integrity": "sha512-vYt7UD1U9Wg6138shLtLOvdAu+8DsC/ilFtEVHcH+wydcSpNE20AfSOduf6MkRFahL5FY7X1oU7nKVZFtfq8Fg==",
      "license": "MIT",
      "engines": {
        "node": ">=6"
      }
    }
  }
}
